
Microsoft Visual Studio Solution File, Format Version 12.00
# Visual Studio 15
VisualStudioVersion = 15.0.28307.572
MinimumVisualStudioVersion = 10.0.40219.1
Project("{FAE04EC0-301F-11D3-BF4B-00C04F79EFBC}") = "Project", "Project\Project.csproj", "{9786FAA4-B921-4961-A7DD-DC60120D4492}"
EndProject
Global
	GlobalSection(SolutionConfigurationPlatforms) = preSolution
		Debug|Any CPU = Debug|Any CPU
		Release|Any CPU = Release|Any CPU
	EndGlobalSection
	GlobalSection(ProjectConfigurationPlatforms) = postSolution
		{9786FAA4-B921-4961-A7DD-DC60120D4492}.Debug|Any CPU.ActiveCfg = Debug|Any CPU
		{9786FAA4-B921-4961-A7DD-DC60120D4492}.Debug|Any CPU.Build.0 = Debug|Any CPU
		{9786FAA4-B921-4961-A7DD-DC60120D4492}.Release|Any CPU.ActiveCfg = Release|Any CPU
		{9786FAA4-B921-4961-A7DD-DC60120D4492}.Release|Any CPU.Build.0 = Release|Any CPU
	EndGlobalSection
	GlobalSection(SolutionProperties) = preSolution
		HideSolutionNode = FALSE
	EndGlobalSection
	GlobalSection(ExtensibilityGlobals) = postSolution
		SolutionGuid = {DC655F72-D19F-4A5C-A7E8-A01829178A60}
	EndGlobalSection
EndGlobal
